Microsoft Visual Studio Solution File, Format Version 12.00
# Visual Studio Version 17
VisualStudioVersion = 17.5.2.0
MinimumVisualStudioVersion = 10.0.40219.1
Project("{FAE04EC0-301F-11D3-BF4B-00C04F79EFBC}") = "asp.net-Proj", "asp.net-Proj.csproj", "{B247B436-B949-9BA1-D32C-7436CC0167E0}"
EndProject
Global
	GlobalSection(SolutionConfigurationPlatforms) = preSolution
		Debug|Any CPU = Debug|Any CPU
		Release|Any CPU = Release|Any CPU
	EndGlobalSection
	GlobalSection(ProjectConfigurationPlatforms) = postSolution
		{B247B436-B949-9BA1-D32C-7436CC0167E0}.Debug|Any CPU.ActiveCfg = Debug|Any CPU
		{B247B436-B949-9BA1-D32C-7436CC0167E0}.Debug|Any CPU.Build.0 = Debug|Any CPU
		{B247B436-B949-9BA1-D32C-7436CC0167E0}.Release|Any CPU.ActiveCfg = Release|Any CPU
		{B247B436-B949-9BA1-D32C-7436CC0167E0}.Release|Any CPU.Build.0 = Release|Any CPU
	EndGlobalSection
	GlobalSection(SolutionProperties) = preSolution
		HideSolutionNode = FALSE
	EndGlobalSection
	GlobalSection(ExtensibilityGlobals) = postSolution
		SolutionGuid = {EEAC5ECB-4C00-4975-8B28-077A0345716F}
	EndGlobalSection
EndGlobal
